
Microsoft Visual Studio Solution File, Format Version 12.00
# Visual Studio 14
VisualStudioVersion = 14.0.25420.1
MinimumVisualStudioVersion = 10.0.40219.1
Project("{FAE04EC0-301F-11D3-BF4B-00C04F79EFBC}") = "BT_remote_tank", "WpfApplication_First_practice\BT_remote_tank.csproj", "{B3527767-345E-4C7A-83FC-7A9D2FD45DC7}"
EndProject
Project("{FAE04EC0-301F-11D3-BF4B-00C04F79EFBC}") = "BT_RC_tank_tests", "BT_RC_tank_tests\BT_RC_tank_tests.csproj", "{9449835E-0490-487D-A4D5-1324D0D58853}"
EndProject
Project("{2150E333-8FDC-42A3-9474-1A3956D46DE8}") = "src", "src", "{4B3BBF29-E6A6-43A7-BCA3-89A83497A987}"
EndProject
Global
	GlobalSection(SolutionConfigurationPlatforms) = preSolution
		Debug|Any CPU = Debug|Any CPU
		Release|Any CPU = Release|Any CPU
	EndGlobalSection
	GlobalSection(ProjectConfigurationPlatforms) = postSolution
		{B3527767-345E-4C7A-83FC-7A9D2FD45DC7}.Debug|Any CPU.ActiveCfg = Debug|Any CPU
		{B3527767-345E-4C7A-83FC-7A9D2FD45DC7}.Debug|Any CPU.Build.0 = Debug|Any CPU
		{B3527767-345E-4C7A-83FC-7A9D2FD45DC7}.Release|Any CPU.ActiveCfg = Release|Any CPU
		{B3527767-345E-4C7A-83FC-7A9D2FD45DC7}.Release|Any CPU.Build.0 = Release|Any CPU
		{9449835E-0490-487D-A4D5-1324D0D58853}.Debug|Any CPU.ActiveCfg = Debug|Any CPU
		{9449835E-0490-487D-A4D5-1324D0D58853}.Debug|Any CPU.Build.0 = Debug|Any CPU
		{9449835E-0490-487D-A4D5-1324D0D58853}.Release|Any CPU.ActiveCfg = Release|Any CPU
		{9449835E-0490-487D-A4D5-1324D0D58853}.Release|Any CPU.Build.0 = Release|Any CPU
	EndGlobalSection
	GlobalSection(SolutionProperties) = preSolution
		HideSolutionNode = FALSE
	EndGlobalSection
	GlobalSection(NestedProjects) = preSolution
		{B3527767-345E-4C7A-83FC-7A9D2FD45DC7} = {4B3BBF29-E6A6-43A7-BCA3-89A83497A987}
		{9449835E-0490-487D-A4D5-1324D0D58853} = {4B3BBF29-E6A6-43A7-BCA3-89A83497A987}
	EndGlobalSection
EndGlobal
